<Solution>
  <Project Path="IntegrationTest/IntegrationTest.csproj" />
  <Project Path="MintLint/MintLint.csproj" />
  <Project Path="PyBridge/src/PyBridge/PyBridge.csproj" />
  <Project Path="Pty.Net/Pty.Net.csproj" />
  <Project Path="TerminalEmulator/TerminalEmulator.csproj" />
  <Project Path="TerminalEmulator.Tests/TerminalEmulator.Tests.csproj" />
  <Project Path="Tests/Tests.csproj" />
  <Project Path="TokenSaver/TokenSaver.csproj" />
  <Project Path="VibeRails.Daemon/VibeRails.Daemon.csproj" />
  <Project Path="VibeRails/VibeRails.csproj" />
</Solution>
